// !$*UTF8*$!
{
	archiveVersion = 1;
	classes = {
	};
	objectVersion = 56;
	objects = {

/* Begin PBXBuildFile section */
		F7288251295D9CB700F7AD5D /* views in Resources */ = {isa = PBXBuildFile; fileRef = F7288243295D9CB600F7AD5D /* views */; };
		F7288252295D9CB700F7AD5D /* Assets.xcassets in Resources */ = {isa = PBXBuildFile; fileRef = F7288244295D9CB600F7AD5D /* Assets.xcassets */; };
		F7288253295D9CB700F7AD5D /* Info.plist in Resources */ = {isa = PBXBuildFile; fileRef = F7288245295D9CB600F7AD5D /* Info.plist */; };
		F7288254295D9CB700F7AD5D /* models in Resources */ = {isa = PBXBuildFile; fileRef = F7288246295D9CB600F7AD5D /* models */; };
		F7288255295D9CB700F7AD5D /* Coordinators in Resources */ = {isa = PBXBuildFile; fileRef = F7288247295D9CB600F7AD5D /* Coordinators */; };
		F7288256295D9CB700F7AD5D /* Persistence.swift in Sources */ = {isa = PBXBuildFile; fileRef = F7288248295D9CB600F7AD5D /* Persistence.swift */; };
		F7288257295D9CB700F7AD5D /* FindFood&DrinksApp.swift in Sources */ = {isa = PBXBuildFile; fileRef = F7288249295D9CB600F7AD5D /* FindFood&DrinksApp.swift */; };
		F7288258295D9CB700F7AD5D /* observable in Resources */ = {isa = PBXBuildFile; fileRef = F728824A295D9CB700F7AD5D /* observable */; };
		F728825A295D9CB700F7AD5D /* Preview Content in Resources */ = {isa = PBXBuildFile; fileRef = F728824C295D9CB700F7AD5D /* Preview Content */; };
		F728825B295D9CB700F7AD5D /* MKCoordinatRegion+Extension.swift in Sources */ = {isa = PBXBuildFile; fileRef = F728824D295D9CB700F7AD5D /* MKCoordinatRegion+Extension.swift */; };
		F728825C295D9CB700F7AD5D /* services in Resources */ = {isa = PBXBuildFile; fileRef = F728824E295D9CB700F7AD5D /* services */; };
		F728825D295D9CB700F7AD5D /* Managers in Resources */ = {isa = PBXBuildFile; fileRef = F728824F295D9CB700F7AD5D /* Managers */; };
		F728825E295D9CB700F7AD5D /* ContentView.swift in Sources */ = {isa = PBXBuildFile; fileRef = F7288250295D9CB700F7AD5D /* ContentView.swift */; };
/* End PBXBuildFile section */

/* Begin PBXFileReference section */
		F71CC4B6290078D200755BA2 /* FindFood&Drinks.app */ = {isa = PBXFileReference; explicitFileType = wrapper.application; includeInIndex = 0; path = "FindFood&Drinks.app"; sourceTree = BUILT_PRODUCTS_DIR; };
		F7288243295D9CB600F7AD5D /* views */ = {isa = PBXFileReference; fileEncoding = 4; lastKnownFileType = text; name = views; path = "Find Food & Drinks/views"; sourceTree = SOURCE_ROOT; };
		F7288244295D9CB600F7AD5D /* Assets.xcassets */ = {isa = PBXFileReference; lastKnownFileType = folder.assetcatalog; name = Assets.xcassets; path = "Find Food & Drinks/Assets.xcassets"; sourceTree = SOURCE_ROOT; };
		F7288245295D9CB600F7AD5D /* Info.plist */ = {isa = PBXFileReference; lastKnownFileType = text.plist; name = Info.plist; path = "Find Food & Drinks/Info.plist"; sourceTree = SOURCE_ROOT; };
		F7288246295D9CB600F7AD5D /* models */ = {isa = PBXFileReference; fileEncoding = 4; lastKnownFileType = text; name = models; path = "Find Food & Drinks/models"; sourceTree = SOURCE_ROOT; };
		F7288247295D9CB600F7AD5D /* Coordinators */ = {isa = PBXFileReference; fileEncoding = 4; lastKnownFileType = text; name = Coordinators; path = "Find Food & Drinks/Coordinators"; sourceTree = SOURCE_ROOT; };
		F7288248295D9CB600F7AD5D /* Persistence.swift */ = {isa = PBXFileReference; fileEncoding = 4; lastKnownFileType = sourcecode.swift; name = Persistence.swift; path = "Find Food & Drinks/Persistence.swift"; sourceTree = SOURCE_ROOT; };
		F7288249295D9CB600F7AD5D /* FindFood&DrinksApp.swift */ = {isa = PBXFileReference; fileEncoding = 4; lastKnownFileType = sourcecode.swift; name = "FindFood&DrinksApp.swift"; path = "Find Food & Drinks/FindFood&DrinksApp.swift"; sourceTree = SOURCE_ROOT; };
		F728824A295D9CB700F7AD5D /* observable */ = {isa = PBXFileReference; fileEncoding = 4; lastKnownFileType = text; name = observable; path = "Find Food & Drinks/observable"; sourceTree = SOURCE_ROOT; };
		F728824C295D9CB700F7AD5D /* Preview Content */ = {isa = PBXFileReference; fileEncoding = 4; lastKnownFileType = text; name = "Preview Content"; path = "Find Food & Drinks/Preview Content"; sourceTree = SOURCE_ROOT; };
		F728824D295D9CB700F7AD5D /* MKCoordinatRegion+Extension.swift */ = {isa = PBXFileReference; fileEncoding = 4; lastKnownFileType = sourcecode.swift; name = "MKCoordinatRegion+Extension.swift"; path = "Find Food & Drinks/MKCoordinatRegion+Extension.swift"; sourceTree = SOURCE_ROOT; };
		F728824E295D9CB700F7AD5D /* services */ = {isa = PBXFileReference; fileEncoding = 4; lastKnownFileType = text; name = services; path = "Find Food & Drinks/services"; sourceTree = SOURCE_ROOT; };
		F728824F295D9CB700F7AD5D /* Managers */ = {isa = PBXFileReference; fileEncoding = 4; lastKnownFileType = text; name = Managers; path = "Find Food & Drinks/Managers"; sourceTree = SOURCE_ROOT; };
		F7288250295D9CB700F7AD5D /* ContentView.swift */ = {isa = PBXFileReference; fileEncoding = 4; lastKnownFileType = sourcecode.swift; name = ContentView.swift; path = "Find Food & Drinks/ContentView.swift"; sourceTree = SOURCE_ROOT; };
/* End PBXFileReference section */

/* Begin PBXFrameworksBuildPhase section */
		F71CC4B3290078D200755BA2 /* Frameworks */ = {
			isa = PBXFrameworksBuildPhase;
			buildActionMask = 2147483647;
			files = (
			);
			runOnlyForDeploymentPostprocessing = 0;
		};
/* End PBXFrameworksBuildPhase section */

/* Begin PBXGroup section */
		F71CC4AD290078D200755BA2 = {
			isa = PBXGroup;
			children = (
				F71CC4B8290078D200755BA2 /* FindFood&Drinks */,
				F71CC4B7290078D200755BA2 /* Products */,
			);
			sourceTree = "<group>";
		};
		F71CC4B7290078D200755BA2 /* Products */ = {
			isa = PBXGroup;
			children = (
				F71CC4B6290078D200755BA2 /* FindFood&Drinks.app */,
			);
			name = Products;
			sourceTree = "<group>";
		};
		F71CC4B8290078D200755BA2 /* FindFood&Drinks */ = {
			isa = PBXGroup;
			children = (
				F7288244295D9CB600F7AD5D /* Assets.xcassets */,
				F7288250295D9CB700F7AD5D /* ContentView.swift */,
				F7288247295D9CB600F7AD5D /* Coordinators */,
				F7288249295D9CB600F7AD5D /* FindFood&DrinksApp.swift */,
				F7288245295D9CB600F7AD5D /* Info.plist */,
				F728824F295D9CB700F7AD5D /* Managers */,
				F728824D295D9CB700F7AD5D /* MKCoordinatRegion+Extension.swift */,
				F7288246295D9CB600F7AD5D /* models */,
				F728824A295D9CB700F7AD5D /* observable */,
				F7288248295D9CB600F7AD5D /* Persistence.swift */,
				F728824C295D9CB700F7AD5D /* Preview Content */,
				F728824E295D9CB700F7AD5D /* services */,
				F7288243295D9CB600F7AD5D /* views */,
			);
			path = "FindFood&Drinks";
			sourceTree = "<group>";
		};
/* End PBXGroup section */

/* Begin PBXNativeTarget section */
		F71CC4B5290078D200755BA2 /* FindFood&Drinks */ = {
			isa = PBXNativeTarget;
			buildConfigurationList = F71CC4E0290078D500755BA2 /* Build configuration list for PBXNativeTarget "FindFood&Drinks" */;
			buildPhases = (
				F71CC4B2290078D200755BA2 /* Sources */,
				F71CC4B3290078D200755BA2 /* Frameworks */,
				F71CC4B4290078D200755BA2 /* Resources */,
			);
			buildRules = (
			);
			dependencies = (
			);
			name = "FindFood&Drinks";
			productName = KaffeFinderApp;
			productReference = F71CC4B6290078D200755BA2 /* FindFood&Drinks.app */;
			productType = "com.apple.product-type.application";
		};
/* End PBXNativeTarget section */

/* Begin PBXProject section */
		F71CC4AE290078D200755BA2 /* Project object */ = {
			isa = PBXProject;
			attributes = {
				BuildIndependentTargetsInParallel = 1;
				LastSwiftUpdateCheck = 1400;
				LastUpgradeCheck = 1400;
				TargetAttributes = {
					F71CC4B5290078D200755BA2 = {
						CreatedOnToolsVersion = 14.0.1;
						LastSwiftMigration = 1420;
					};
				};
			};
			buildConfigurationList = F71CC4B1290078D200755BA2 /* Build configuration list for PBXProject "FindFood&Drinks" */;
			compatibilityVersion = "Xcode 14.0";
			developmentRegion = en;
			hasScannedForEncodings = 0;
			knownRegions = (
				en,
				Base,
			);
			mainGroup = F71CC4AD290078D200755BA2;
			productRefGroup = F71CC4B7290078D200755BA2 /* Products */;
			projectDirPath = "";
			projectRoot = "";
			targets = (
				F71CC4B5290078D200755BA2 /* FindFood&Drinks */,
			);
		};
/* End PBXProject section */

/* Begin PBXResourcesBuildPhase section */
		F71CC4B4290078D200755BA2 /* Resources */ = {
			isa = PBXResourcesBuildPhase;
			buildActionMask = 2147483647;
			files = (
				F7288252295D9CB700F7AD5D /* Assets.xcassets in Resources */,
				F7288258295D9CB700F7AD5D /* observable in Resources */,
				F728825A295D9CB700F7AD5D /* Preview Content in Resources */,
				F728825D295D9CB700F7AD5D /* Managers in Resources */,
				F7288251295D9CB700F7AD5D /* views in Resources */,
				F728825C295D9CB700F7AD5D /* services in Resources */,
				F7288255295D9CB700F7AD5D /* Coordinators in Resources */,
				F7288254295D9CB700F7AD5D /* models in Resources */,
				F7288253295D9CB700F7AD5D /* Info.plist in Resources */,
			);
			runOnlyForDeploymentPostprocessing = 0;
		};
/* End PBXResourcesBuildPhase section */

/* Begin PBXSourcesBuildPhase section */
		F71CC4B2290078D200755BA2 /* Sources */ = {
			isa = PBXSourcesBuildPhase;
			buildActionMask = 2147483647;
			files = (
				F7288257295D9CB700F7AD5D /* FindFood&DrinksApp.swift in Sources */,
				F728825E295D9CB700F7AD5D /* ContentView.swift in Sources */,
				F728825B295D9CB700F7AD5D /* MKCoordinatRegion+Extension.swift in Sources */,
				F7288256295D9CB700F7AD5D /* Persistence.swift in Sources */,
			);
			runOnlyForDeploymentPostprocessing = 0;
		};
/* End PBXSourcesBuildPhase section */

/* Begin XCBuildConfiguration section */
		F71CC4DE290078D500755BA2 /* Debug */ = {
			isa = XCBuildConfiguration;
			buildSettings = {
				ALWAYS_SEARCH_USER_PATHS = NO;
				CLANG_ANALYZER_NONNULL = YES;
				CLANG_ANALYZER_NUMBER_OBJECT_CONVERSION = YES_AGGRESSIVE;
				CLANG_CXX_LANGUAGE_STANDARD = "gnu++20";
				CLANG_ENABLE_MODULES = YES;
				CLANG_ENABLE_OBJC_ARC = YES;
				CLANG_ENABLE_OBJC_WEAK = YES;
				CLANG_WARN_BLOCK_CAPTURE_AUTORELEASING = YES;
				CLANG_WARN_BOOL_CONVERSION = YES;
				CLANG_WARN_COMMA = YES;
				CLANG_WARN_CONSTANT_CONVERSION = YES;
				CLANG_WARN_DEPRECATED_OBJC_IMPLEMENTATIONS = YES;
				CLANG_WARN_DIRECT_OBJC_ISA_USAGE = YES_ERROR;
				CLANG_WARN_DOCUMENTATION_COMMENTS = YES;
				CLANG_WARN_EMPTY_BODY = YES;
				CLANG_WARN_ENUM_CONVERSION = YES;
				CLANG_WARN_INFINITE_RECURSION = YES;
				CLANG_WARN_INT_CONVERSION = YES;
				CLANG_WARN_NON_LITERAL_NULL_CONVERSION = YES;
				CLANG_WARN_OBJC_IMPLICIT_RETAIN_SELF = YES;
				CLANG_WARN_OBJC_LITERAL_CONVERSION = YES;
				CLANG_WARN_OBJC_ROOT_CLASS = YES_ERROR;
				CLANG_WARN_QUOTED_INCLUDE_IN_FRAMEWORK_HEADER = YES;
				CLANG_WARN_RANGE_LOOP_ANALYSIS = YES;
				CLANG_WARN_STRICT_PROTOTYPES = YES;
				CLANG_WARN_SUSPICIOUS_MOVE = YES;
				CLANG_WARN_UNGUARDED_AVAILABILITY = YES_AGGRESSIVE;
				CLANG_WARN_UNREACHABLE_CODE = YES;
				CLANG_WARN__DUPLICATE_METHOD_MATCH = YES;
				COPY_PHASE_STRIP = NO;
				DEBUG_INFORMATION_FORMAT = dwarf;
				ENABLE_STRICT_OBJC_MSGSEND = YES;
				ENABLE_TESTABILITY = YES;
				GCC_C_LANGUAGE_STANDARD = gnu11;
				GCC_DYNAMIC_NO_PIC = NO;
				GCC_NO_COMMON_BLOCKS = YES;
				GCC_OPTIMIZATION_LEVEL = 0;
				GCC_PREPROCESSOR_DEFINITIONS = (
					"DEBUG=1",
					"$(inherited)",
				);
				GCC_WARN_64_TO_32_BIT_CONVERSION = YES;
				GCC_WARN_ABOUT_RETURN_TYPE = YES_ERROR;
				GCC_WARN_UNDECLARED_SELECTOR = YES;
				GCC_WARN_UNINITIALIZED_AUTOS = YES_AGGRESSIVE;
				GCC_WARN_UNUSED_FUNCTION = YES;
				GCC_WARN_UNUSED_VARIABLE = YES;
				IPHONEOS_DEPLOYMENT_TARGET = 16.0;
				MTL_ENABLE_DEBUG_INFO = INCLUDE_SOURCE;
				MTL_FAST_MATH = YES;
				ONLY_ACTIVE_ARCH = NO;
				SDKROOT = iphoneos;
				SWIFT_ACTIVE_COMPILATION_CONDITIONS = DEBUG;
				SWIFT_OPTIMIZATION_LEVEL = "-Onone";
			};
			name = Debug;
		};
		F71CC4DF290078D500755BA2 /* Release */ = {
			isa = XCBuildConfiguration;
			buildSettings = {
				ALWAYS_SEARCH_USER_PATHS = NO;
				CLANG_ANALYZER_NONNULL = YES;
				CLANG_ANALYZER_NUMBER_OBJECT_CONVERSION = YES_AGGRESSIVE;
				CLANG_CXX_LANGUAGE_STANDARD = "gnu++20";
				CLANG_ENABLE_MODULES = YES;
				CLANG_ENABLE_OBJC_ARC = YES;
				CLANG_ENABLE_OBJC_WEAK = YES;
				CLANG_WARN_BLOCK_CAPTURE_AUTORELEASING = YES;
				CLANG_WARN_BOOL_CONVERSION = YES;
				CLANG_WARN_COMMA = YES;
				CLANG_WARN_CONSTANT_CONVERSION = YES;
				CLANG_WARN_DEPRECATED_OBJC_IMPLEMENTATIONS = YES;
				CLANG_WARN_DIRECT_OBJC_ISA_USAGE = YES_ERROR;
				CLANG_WARN_DOCUMENTATION_COMMENTS = YES;
				CLANG_WARN_EMPTY_BODY = YES;
				CLANG_WARN_ENUM_CONVERSION = YES;
				CLANG_WARN_INFINITE_RECURSION = YES;
				CLANG_WARN_INT_CONVERSION = YES;
				CLANG_WARN_NON_LITERAL_NULL_CONVERSION = YES;
				CLANG_WARN_OBJC_IMPLICIT_RETAIN_SELF = YES;
				CLANG_WARN_OBJC_LITERAL_CONVERSION = YES;
				CLANG_WARN_OBJC_ROOT_CLASS = YES_ERROR;
				CLANG_WARN_QUOTED_INCLUDE_IN_FRAMEWORK_HEADER = YES;
				CLANG_WARN_RANGE_LOOP_ANALYSIS = YES;
				CLANG_WARN_STRICT_PROTOTYPES = YES;
				CLANG_WARN_SUSPICIOUS_MOVE = YES;
				CLANG_WARN_UNGUARDED_AVAILABILITY = YES_AGGRESSIVE;
				CLANG_WARN_UNREACHABLE_CODE = YES;
				CLANG_WARN__DUPLICATE_METHOD_MATCH = YES;
				COPY_PHASE_STRIP = NO;
				DEBUG_INFORMATION_FORMAT = "dwarf-with-dsym";
				ENABLE_NS_ASSERTIONS = NO;
				ENABLE_STRICT_OBJC_MSGSEND = YES;
				GCC_C_LANGUAGE_STANDARD = gnu11;
				GCC_NO_COMMON_BLOCKS = YES;
				GCC_WARN_64_TO_32_BIT_CONVERSION = YES;
				GCC_WARN_ABOUT_RETURN_TYPE = YES_ERROR;
				GCC_WARN_UNDECLARED_SELECTOR = YES;
				GCC_WARN_UNINITIALIZED_AUTOS = YES_AGGRESSIVE;
				GCC_WARN_UNUSED_FUNCTION = YES;
				GCC_WARN_UNUSED_VARIABLE = YES;
				IPHONEOS_DEPLOYMENT_TARGET = 16.0;
				MTL_ENABLE_DEBUG_INFO = NO;
				MTL_FAST_MATH = YES;
				ONLY_ACTIVE_ARCH = NO;
				SDKROOT = iphoneos;
				SWIFT_COMPILATION_MODE = wholemodule;
				SWIFT_OPTIMIZATION_LEVEL = "-O";
				VALIDATE_PRODUCT = YES;
			};
			name = Release;
		};
		F71CC4E1290078D500755BA2 /* Debug */ = {
			isa = XCBuildConfiguration;
			buildSettings = {
				ASSETCATALOG_COMPILER_APPICON_NAME = AppIcon;
				ASSETCATALOG_COMPILER_GLOBAL_ACCENT_COLOR_NAME = AccentColor;
				CLANG_ENABLE_MODULES = YES;
				CODE_SIGN_STYLE = Automatic;
				CURRENT_PROJECT_VERSION = 1;
				DEVELOPMENT_ASSET_PATHS = "\"FindFood&Drinks/Preview Content\"";
				DEVELOPMENT_TEAM = SNXVLJS2UW;
				ENABLE_PREVIEWS = YES;
				GENERATE_INFOPLIST_FILE = YES;
				INFOPLIST_FILE = "FindFood&Drinks/Info.plist";
				INFOPLIST_KEY_NSCameraUsageDescription = "This app uses camera to enhance experince";
				INFOPLIST_KEY_NSLocationAlwaysAndWhenInUseUsageDescription = "This app uses location when in use";
				INFOPLIST_KEY_NSLocationWhenInUseUsageDescription = "";
				INFOPLIST_KEY_UIApplicationSupportsIndirectInputEvents = YES;
				INFOPLIST_KEY_UILaunchScreen_Generation = YES;
				INFOPLIST_KEY_UISupportedInterfaceOrientations_iPad = "UIInterfaceOrientationPortrait UIInterfaceOrientationPortraitUpsideDown UIInterfaceOrientationLandscapeLeft UIInterfaceOrientationLandscapeRight";
				INFOPLIST_KEY_UISupportedInterfaceOrientations_iPhone = "UIInterfaceOrientationPortrait UIInterfaceOrientationLandscapeLeft UIInterfaceOrientationLandscapeRight";
				LD_RUNPATH_SEARCH_PATHS = (
					"$(inherited)",
					"@executable_path/Frameworks",
				);
				MARKETING_VERSION = 1.0;
				PRODUCT_BUNDLE_IDENTIFIER = Kleistit.findfoodanddrinks;
				PRODUCT_NAME = "$(TARGET_NAME)";
				SUPPORTED_PLATFORMS = "iphoneos iphonesimulator";
				SUPPORTS_MACCATALYST = NO;
				SUPPORTS_MAC_DESIGNED_FOR_IPHONE_IPAD = NO;
				SWIFT_EMIT_LOC_STRINGS = YES;
				SWIFT_OPTIMIZATION_LEVEL = "-Onone";
				SWIFT_VERSION = 5.0;
				TARGETED_DEVICE_FAMILY = "1,2";
			};
			name = Debug;
		};
		F71CC4E2290078D500755BA2 /* Release */ = {
			isa = XCBuildConfiguration;
			buildSettings = {
				ASSETCATALOG_COMPILER_APPICON_NAME = AppIcon;
				ASSETCATALOG_COMPILER_GLOBAL_ACCENT_COLOR_NAME = AccentColor;
				CLANG_ENABLE_MODULES = YES;
				CODE_SIGN_STYLE = Automatic;
				CURRENT_PROJECT_VERSION = 1;
				DEVELOPMENT_ASSET_PATHS = "\"FindFood&Drinks/Preview Content\"";
				DEVELOPMENT_TEAM = SNXVLJS2UW;
				ENABLE_PREVIEWS = YES;
				GENERATE_INFOPLIST_FILE = YES;
				INFOPLIST_FILE = "FindFood&Drinks/Info.plist";
				INFOPLIST_KEY_NSCameraUsageDescription = "This app uses camera to enhance experince";
				INFOPLIST_KEY_NSLocationAlwaysAndWhenInUseUsageDescription = "This app uses location when in use";
				INFOPLIST_KEY_NSLocationWhenInUseUsageDescription = "";
				INFOPLIST_KEY_UIApplicationSupportsIndirectInputEvents = YES;
				INFOPLIST_KEY_UILaunchScreen_Generation = YES;
				INFOPLIST_KEY_UISupportedInterfaceOrientations_iPad = "UIInterfaceOrientationPortrait UIInterfaceOrientationPortraitUpsideDown UIInterfaceOrientationLandscapeLeft UIInterfaceOrientationLandscapeRight";
				INFOPLIST_KEY_UISupportedInterfaceOrientations_iPhone = "UIInterfaceOrientationPortrait UIInterfaceOrientationLandscapeLeft UIInterfaceOrientationLandscapeRight";
				LD_RUNPATH_SEARCH_PATHS = (
					"$(inherited)",
					"@executable_path/Frameworks",
				);
				MARKETING_VERSION = 1.0;
				PRODUCT_BUNDLE_IDENTIFIER = Kleistit.findfoodanddrinks;
				PRODUCT_NAME = "$(TARGET_NAME)";
				SUPPORTED_PLATFORMS = "iphoneos iphonesimulator";
				SUPPORTS_MACCATALYST = NO;
				SUPPORTS_MAC_DESIGNED_FOR_IPHONE_IPAD = NO;
				SWIFT_EMIT_LOC_STRINGS = YES;
				SWIFT_VERSION = 5.0;
				TARGETED_DEVICE_FAMILY = "1,2";
			};
			name = Release;
		};
/* End XCBuildConfiguration section */

/* Begin XCConfigurationList section */
		F71CC4B1290078D200755BA2 /* Build configuration list for PBXProject "FindFood&Drinks" */ = {
			isa = XCConfigurationList;
			buildConfigurations = (
				F71CC4DE290078D500755BA2 /* Debug */,
				F71CC4DF290078D500755BA2 /* Release */,
			);
			defaultConfigurationIsVisible = 0;
			defaultConfigurationName = Release;
		};
		F71CC4E0290078D500755BA2 /* Build configuration list for PBXNativeTarget "FindFood&Drinks" */ = {
			isa = XCConfigurationList;
			buildConfigurations = (
				F71CC4E1290078D500755BA2 /* Debug */,
				F71CC4E2290078D500755BA2 /* Release */,
			);
			defaultConfigurationIsVisible = 0;
			defaultConfigurationName = Release;
		};
/* End XCConfigurationList section */
	};
	rootObject = F71CC4AE290078D200755BA2 /* Project object */;
}
